
Microsoft Visual Studio Solution File, Format Version 12.00
# Visual Studio 15
VisualStudioVersion = 15.0.27004.2008
MinimumVisualStudioVersion = 10.0.40219.1
Project("{FAE04EC0-301F-11D3-BF4B-00C04F79EFBC}") = "ForumPost", "ForumPost\ForumPost.csproj", "{950DD7CF-7E16-44BC-BA1E-860E96FE69BD}"
EndProject
Global
	GlobalSection(SolutionConfigurationPlatforms) = preSolution
		Debug|Any CPU = Debug|Any CPU
		Release|Any CPU = Release|Any CPU
	EndGlobalSection
	GlobalSection(ProjectConfigurationPlatforms) = postSolution
		{950DD7CF-7E16-44BC-BA1E-860E96FE69BD}.Debug|Any CPU.ActiveCfg = Debug|Any CPU
		{950DD7CF-7E16-44BC-BA1E-860E96FE69BD}.Debug|Any CPU.Build.0 = Debug|Any CPU
		{950DD7CF-7E16-44BC-BA1E-860E96FE69BD}.Release|Any CPU.ActiveCfg = Release|Any CPU
		{950DD7CF-7E16-44BC-BA1E-860E96FE69BD}.Release|Any CPU.Build.0 = Release|Any CPU
	EndGlobalSection
	GlobalSection(SolutionProperties) = preSolution
		HideSolutionNode = FALSE
	EndGlobalSection
	GlobalSection(ExtensibilityGlobals) = postSolution
		SolutionGuid = {A781EFE5-1A19-4112-A887-2A8537929CD8}
	EndGlobalSection
EndGlobal
