
Microsoft Visual Studio Solution File, Format Version 12.00
# Visual Studio 15
VisualStudioVersion = 15.0.27004.2008
MinimumVisualStudioVersion = 10.0.40219.1
Project("{9A19103F-16F7-4668-BE54-9A1E7A4F7556}") = "ForumPost", "ForumPost.csproj", "{013C3D41-E143-4E80-90D3-7C275BE06500}"
EndProject
Global
	GlobalSection(SolutionConfigurationPlatforms) = preSolution
		Debug|Any CPU = Debug|Any CPU
		Release|Any CPU = Release|Any CPU
	EndGlobalSection
	GlobalSection(ProjectConfigurationPlatforms) = postSolution
		{013C3D41-E143-4E80-90D3-7C275BE06500}.Debug|Any CPU.ActiveCfg = Debug|Any CPU
		{013C3D41-E143-4E80-90D3-7C275BE06500}.Debug|Any CPU.Build.0 = Debug|Any CPU
		{013C3D41-E143-4E80-90D3-7C275BE06500}.Release|Any CPU.ActiveCfg = Release|Any CPU
		{013C3D41-E143-4E80-90D3-7C275BE06500}.Release|Any CPU.Build.0 = Release|Any CPU
	EndGlobalSection
	GlobalSection(SolutionProperties) = preSolution
		HideSolutionNode = FALSE
	EndGlobalSection
	GlobalSection(ExtensibilityGlobals) = postSolution
		SolutionGuid = {F269A79A-7B5C-448E-B21B-00A37D4C15A6}
	EndGlobalSection
EndGlobal
